// !$*UTF8*$!
{
	archiveVersion = 1;
	classes = {
	};
	objectVersion = 50;
	objects = {

/* Begin PBXBuildFile section */
		734A838E218F32A800116AEA /* AppDelegate.swift in Sources */ = {isa = PBXBuildFile; fileRef = 734A838D218F32A800116AEA /* AppDelegate.swift */; };
		734A8395218F32A900116AEA /* Assets.xcassets in Resources */ = {isa = PBXBuildFile; fileRef = 734A8394218F32A900116AEA /* Assets.xcassets */; };
		734A8398218F32A900116AEA /* LaunchScreen.storyboard in Resources */ = {isa = PBXBuildFile; fileRef = 734A8396218F32A900116AEA /* LaunchScreen.storyboard */; };
		734A83A3218F32A900116AEA /* StoryCodeTests.swift in Sources */ = {isa = PBXBuildFile; fileRef = 734A83A2218F32A900116AEA /* StoryCodeTests.swift */; };
		734A83AE218F333400116AEA /* StoryScene.swift in Sources */ = {isa = PBXBuildFile; fileRef = 734A83AD218F333400116AEA /* StoryScene.swift */; };
		734A83B42190FF2C00116AEA /* ViewModels.swift in Sources */ = {isa = PBXBuildFile; fileRef = 734A83B32190FF2C00116AEA /* ViewModels.swift */; };
		734A83BA21970F6000116AEA /* BookShelfController.swift in Sources */ = {isa = PBXBuildFile; fileRef = 734A83B921970F6000116AEA /* BookShelfController.swift */; };
		734A83BC2197172400116AEA /* BookController.swift in Sources */ = {isa = PBXBuildFile; fileRef = 734A83BB2197172400116AEA /* BookController.swift */; };
		734A83BE219BB61700116AEA /* SceneViewController.swift in Sources */ = {isa = PBXBuildFile; fileRef = 734A83BD219BB61700116AEA /* SceneViewController.swift */; };
		734A83C0219BB67900116AEA /* EditTextController.swift in Sources */ = {isa = PBXBuildFile; fileRef = 734A83BF219BB67900116AEA /* EditTextController.swift */; };
		734A83C221A05D6F00116AEA /* AutoLayoutExtensions.swift in Sources */ = {isa = PBXBuildFile; fileRef = 734A83C121A05D6F00116AEA /* AutoLayoutExtensions.swift */; };
		734A83C521A0AE7600116AEA /* NavigationSegue.swift in Sources */ = {isa = PBXBuildFile; fileRef = 734A83C421A0AE7600116AEA /* NavigationSegue.swift */; };
		734A83C721A0AEBF00116AEA /* ModalSegue.swift in Sources */ = {isa = PBXBuildFile; fileRef = 734A83C621A0AEBF00116AEA /* ModalSegue.swift */; };
		734A83C921A0AEEA00116AEA /* DetailSegue.swift in Sources */ = {isa = PBXBuildFile; fileRef = 734A83C821A0AEEA00116AEA /* DetailSegue.swift */; };
/* End PBXBuildFile section */

/* Begin PBXContainerItemProxy section */
		734A839F218F32A900116AEA /* PBXContainerItemProxy */ = {
			isa = PBXContainerItemProxy;
			containerPortal = 734A8382218F32A800116AEA /* Project object */;
			proxyType = 1;
			remoteGlobalIDString = 734A8389218F32A800116AEA;
			remoteInfo = StoryCode;
		};
/* End PBXContainerItemProxy section */

/* Begin PBXFileReference section */
		734A838A218F32A800116AEA /* StoryCode.app */ = {isa = PBXFileReference; explicitFileType = wrapper.application; includeInIndex = 0; path = StoryCode.app; sourceTree = BUILT_PRODUCTS_DIR; };
		734A838D218F32A800116AEA /* AppDelegate.swift */ = {isa = PBXFileReference; lastKnownFileType = sourcecode.swift; path = AppDelegate.swift; sourceTree = "<group>"; };
		734A8394218F32A900116AEA /* Assets.xcassets */ = {isa = PBXFileReference; lastKnownFileType = folder.assetcatalog; path = Assets.xcassets; sourceTree = "<group>"; };
		734A8397218F32A900116AEA /* Base */ = {isa = PBXFileReference; lastKnownFileType = file.storyboard; name = Base; path = Base.lproj/LaunchScreen.storyboard; sourceTree = "<group>"; };
		734A8399218F32A900116AEA /* Info.plist */ = {isa = PBXFileReference; lastKnownFileType = text.plist.xml; path = Info.plist; sourceTree = "<group>"; };
		734A839E218F32A900116AEA /* StoryCodeTests.xctest */ = {isa = PBXFileReference; explicitFileType = wrapper.cfbundle; includeInIndex = 0; path = StoryCodeTests.xctest; sourceTree = BUILT_PRODUCTS_DIR; };
		734A83A2218F32A900116AEA /* StoryCodeTests.swift */ = {isa = PBXFileReference; lastKnownFileType = sourcecode.swift; path = StoryCodeTests.swift; sourceTree = "<group>"; };
		734A83A4218F32A900116AEA /* Info.plist */ = {isa = PBXFileReference; lastKnownFileType = text.plist.xml; path = Info.plist; sourceTree = "<group>"; };
		734A83AD218F333400116AEA /* StoryScene.swift */ = {isa = PBXFileReference; lastKnownFileType = sourcecode.swift; path = StoryScene.swift; sourceTree = "<group>"; };
		734A83B32190FF2C00116AEA /* ViewModels.swift */ = {isa = PBXFileReference; lastKnownFileType = sourcecode.swift; path = ViewModels.swift; sourceTree = "<group>"; };
		734A83B921970F6000116AEA /* BookShelfController.swift */ = {isa = PBXFileReference; lastKnownFileType = sourcecode.swift; path = BookShelfController.swift; sourceTree = "<group>"; };
		734A83BB2197172400116AEA /* BookController.swift */ = {isa = PBXFileReference; lastKnownFileType = sourcecode.swift; path = BookController.swift; sourceTree = "<group>"; };
		734A83BD219BB61700116AEA /* SceneViewController.swift */ = {isa = PBXFileReference; lastKnownFileType = sourcecode.swift; path = SceneViewController.swift; sourceTree = "<group>"; };
		734A83BF219BB67900116AEA /* EditTextController.swift */ = {isa = PBXFileReference; lastKnownFileType = sourcecode.swift; path = EditTextController.swift; sourceTree = "<group>"; };
		734A83C121A05D6F00116AEA /* AutoLayoutExtensions.swift */ = {isa = PBXFileReference; lastKnownFileType = sourcecode.swift; path = AutoLayoutExtensions.swift; sourceTree = "<group>"; };
		734A83C421A0AE7600116AEA /* NavigationSegue.swift */ = {isa = PBXFileReference; lastKnownFileType = sourcecode.swift; path = NavigationSegue.swift; sourceTree = "<group>"; };
		734A83C621A0AEBF00116AEA /* ModalSegue.swift */ = {isa = PBXFileReference; lastKnownFileType = sourcecode.swift; path = ModalSegue.swift; sourceTree = "<group>"; };
		734A83C821A0AEEA00116AEA /* DetailSegue.swift */ = {isa = PBXFileReference; lastKnownFileType = sourcecode.swift; path = DetailSegue.swift; sourceTree = "<group>"; };
/* End PBXFileReference section */

/* Begin PBXFrameworksBuildPhase section */
		734A8387218F32A800116AEA /* Frameworks */ = {
			isa = PBXFrameworksBuildPhase;
			buildActionMask = 2147483647;
			files = (
			);
			runOnlyForDeploymentPostprocessing = 0;
		};
		734A839B218F32A900116AEA /* Frameworks */ = {
			isa = PBXFrameworksBuildPhase;
			buildActionMask = 2147483647;
			files = (
			);
			runOnlyForDeploymentPostprocessing = 0;
		};
/* End PBXFrameworksBuildPhase section */

/* Begin PBXGroup section */
		734A8381218F32A800116AEA = {
			isa = PBXGroup;
			children = (
				734A83C321A0ABE800116AEA /* BookShelf */,
				734A838C218F32A800116AEA /* StoryCode */,
				734A83A1218F32A900116AEA /* StoryCodeTests */,
				734A838B218F32A800116AEA /* Products */,
			);
			sourceTree = "<group>";
		};
		734A838B218F32A800116AEA /* Products */ = {
			isa = PBXGroup;
			children = (
				734A838A218F32A800116AEA /* StoryCode.app */,
				734A839E218F32A900116AEA /* StoryCodeTests.xctest */,
			);
			name = Products;
			sourceTree = "<group>";
		};
		734A838C218F32A800116AEA /* StoryCode */ = {
			isa = PBXGroup;
			children = (
				734A8394218F32A900116AEA /* Assets.xcassets */,
				734A8399218F32A900116AEA /* Info.plist */,
				734A83AD218F333400116AEA /* StoryScene.swift */,
				734A83C421A0AE7600116AEA /* NavigationSegue.swift */,
				734A83C621A0AEBF00116AEA /* ModalSegue.swift */,
				734A83C821A0AEEA00116AEA /* DetailSegue.swift */,
				734A83C121A05D6F00116AEA /* AutoLayoutExtensions.swift */,
				734A83BD219BB61700116AEA /* SceneViewController.swift */,
			);
			path = StoryCode;
			sourceTree = "<group>";
		};
		734A83A1218F32A900116AEA /* StoryCodeTests */ = {
			isa = PBXGroup;
			children = (
				734A83A2218F32A900116AEA /* StoryCodeTests.swift */,
				734A83A4218F32A900116AEA /* Info.plist */,
			);
			path = StoryCodeTests;
			sourceTree = "<group>";
		};
		734A83C321A0ABE800116AEA /* BookShelf */ = {
			isa = PBXGroup;
			children = (
				734A83B921970F6000116AEA /* BookShelfController.swift */,
				734A83BB2197172400116AEA /* BookController.swift */,
				734A83B32190FF2C00116AEA /* ViewModels.swift */,
				734A83BF219BB67900116AEA /* EditTextController.swift */,
				734A8396218F32A900116AEA /* LaunchScreen.storyboard */,
				734A838D218F32A800116AEA /* AppDelegate.swift */,
			);
			path = BookShelf;
			sourceTree = "<group>";
		};
/* End PBXGroup section */

/* Begin PBXNativeTarget section */
		734A8389218F32A800116AEA /* StoryCode */ = {
			isa = PBXNativeTarget;
			buildConfigurationList = 734A83A7218F32A900116AEA /* Build configuration list for PBXNativeTarget "StoryCode" */;
			buildPhases = (
				734A8386218F32A800116AEA /* Sources */,
				734A8387218F32A800116AEA /* Frameworks */,
				734A8388218F32A800116AEA /* Resources */,
			);
			buildRules = (
			);
			dependencies = (
			);
			name = StoryCode;
			productName = StoryCode;
			productReference = 734A838A218F32A800116AEA /* StoryCode.app */;
			productType = "com.apple.product-type.application";
		};
		734A839D218F32A900116AEA /* StoryCodeTests */ = {
			isa = PBXNativeTarget;
			buildConfigurationList = 734A83AA218F32A900116AEA /* Build configuration list for PBXNativeTarget "StoryCodeTests" */;
			buildPhases = (
				734A839A218F32A900116AEA /* Sources */,
				734A839B218F32A900116AEA /* Frameworks */,
				734A839C218F32A900116AEA /* Resources */,
			);
			buildRules = (
			);
			dependencies = (
				734A83A0218F32A900116AEA /* PBXTargetDependency */,
			);
			name = StoryCodeTests;
			productName = StoryCodeTests;
			productReference = 734A839E218F32A900116AEA /* StoryCodeTests.xctest */;
			productType = "com.apple.product-type.bundle.unit-test";
		};
/* End PBXNativeTarget section */

/* Begin PBXProject section */
		734A8382218F32A800116AEA /* Project object */ = {
			isa = PBXProject;
			attributes = {
				LastSwiftUpdateCheck = 1010;
				LastUpgradeCheck = 1010;
				ORGANIZATIONNAME = "Neil Allain";
				TargetAttributes = {
					734A8389218F32A800116AEA = {
						CreatedOnToolsVersion = 10.1;
					};
					734A839D218F32A900116AEA = {
						CreatedOnToolsVersion = 10.1;
						TestTargetID = 734A8389218F32A800116AEA;
					};
				};
			};
			buildConfigurationList = 734A8385218F32A800116AEA /* Build configuration list for PBXProject "StoryCode" */;
			compatibilityVersion = "Xcode 9.3";
			developmentRegion = en;
			hasScannedForEncodings = 0;
			knownRegions = (
				en,
				Base,
			);
			mainGroup = 734A8381218F32A800116AEA;
			productRefGroup = 734A838B218F32A800116AEA /* Products */;
			projectDirPath = "";
			projectRoot = "";
			targets = (
				734A8389218F32A800116AEA /* StoryCode */,
				734A839D218F32A900116AEA /* StoryCodeTests */,
			);
		};
/* End PBXProject section */

/* Begin PBXResourcesBuildPhase section */
		734A8388218F32A800116AEA /* Resources */ = {
			isa = PBXResourcesBuildPhase;
			buildActionMask = 2147483647;
			files = (
				734A8398218F32A900116AEA /* LaunchScreen.storyboard in Resources */,
				734A8395218F32A900116AEA /* Assets.xcassets in Resources */,
			);
			runOnlyForDeploymentPostprocessing = 0;
		};
		734A839C218F32A900116AEA /* Resources */ = {
			isa = PBXResourcesBuildPhase;
			buildActionMask = 2147483647;
			files = (
			);
			runOnlyForDeploymentPostprocessing = 0;
		};
/* End PBXResourcesBuildPhase section */

/* Begin PBXSourcesBuildPhase section */
		734A8386218F32A800116AEA /* Sources */ = {
			isa = PBXSourcesBuildPhase;
			buildActionMask = 2147483647;
			files = (
				734A83C521A0AE7600116AEA /* NavigationSegue.swift in Sources */,
				734A83B42190FF2C00116AEA /* ViewModels.swift in Sources */,
				734A83BC2197172400116AEA /* BookController.swift in Sources */,
				734A838E218F32A800116AEA /* AppDelegate.swift in Sources */,
				734A83BE219BB61700116AEA /* SceneViewController.swift in Sources */,
				734A83C721A0AEBF00116AEA /* ModalSegue.swift in Sources */,
				734A83C221A05D6F00116AEA /* AutoLayoutExtensions.swift in Sources */,
				734A83C0219BB67900116AEA /* EditTextController.swift in Sources */,
				734A83AE218F333400116AEA /* StoryScene.swift in Sources */,
				734A83C921A0AEEA00116AEA /* DetailSegue.swift in Sources */,
				734A83BA21970F6000116AEA /* BookShelfController.swift in Sources */,
			);
			runOnlyForDeploymentPostprocessing = 0;
		};
		734A839A218F32A900116AEA /* Sources */ = {
			isa = PBXSourcesBuildPhase;
			buildActionMask = 2147483647;
			files = (
				734A83A3218F32A900116AEA /* StoryCodeTests.swift in Sources */,
			);
			runOnlyForDeploymentPostprocessing = 0;
		};
/* End PBXSourcesBuildPhase section */

/* Begin PBXTargetDependency section */
		734A83A0218F32A900116AEA /* PBXTargetDependency */ = {
			isa = PBXTargetDependency;
			target = 734A8389218F32A800116AEA /* StoryCode */;
			targetProxy = 734A839F218F32A900116AEA /* PBXContainerItemProxy */;
		};
/* End PBXTargetDependency section */

/* Begin PBXVariantGroup section */
		734A8396218F32A900116AEA /* LaunchScreen.storyboard */ = {
			isa = PBXVariantGroup;
			children = (
				734A8397218F32A900116AEA /* Base */,
			);
			name = LaunchScreen.storyboard;
			sourceTree = "<group>";
		};
/* End PBXVariantGroup section */

/* Begin XCBuildConfiguration section */
		734A83A5218F32A900116AEA /* Debug */ = {
			isa = XCBuildConfiguration;
			buildSettings = {
				ALWAYS_SEARCH_USER_PATHS = NO;
				CLANG_ANALYZER_NONNULL = YES;
				CLANG_ANALYZER_NUMBER_OBJECT_CONVERSION = YES_AGGRESSIVE;
				CLANG_CXX_LANGUAGE_STANDARD = "gnu++14";
				CLANG_CXX_LIBRARY = "libc++";
				CLANG_ENABLE_MODULES = YES;
				CLANG_ENABLE_OBJC_ARC = YES;
				CLANG_ENABLE_OBJC_WEAK = YES;
				CLANG_WARN_BLOCK_CAPTURE_AUTORELEASING = YES;
				CLANG_WARN_BOOL_CONVERSION = YES;
				CLANG_WARN_COMMA = YES;
				CLANG_WARN_CONSTANT_CONVERSION = YES;
				CLANG_WARN_DEPRECATED_OBJC_IMPLEMENTATIONS = YES;
				CLANG_WARN_DIRECT_OBJC_ISA_USAGE = YES_ERROR;
				CLANG_WARN_DOCUMENTATION_COMMENTS = YES;
				CLANG_WARN_EMPTY_BODY = YES;
				CLANG_WARN_ENUM_CONVERSION = YES;
				CLANG_WARN_INFINITE_RECURSION = YES;
				CLANG_WARN_INT_CONVERSION = YES;
				CLANG_WARN_NON_LITERAL_NULL_CONVERSION = YES;
				CLANG_WARN_OBJC_IMPLICIT_RETAIN_SELF = YES;
				CLANG_WARN_OBJC_LITERAL_CONVERSION = YES;
				CLANG_WARN_OBJC_ROOT_CLASS = YES_ERROR;
				CLANG_WARN_RANGE_LOOP_ANALYSIS = YES;
				CLANG_WARN_STRICT_PROTOTYPES = YES;
				CLANG_WARN_SUSPICIOUS_MOVE = YES;
				CLANG_WARN_UNGUARDED_AVAILABILITY = YES_AGGRESSIVE;
				CLANG_WARN_UNREACHABLE_CODE = YES;
				CLANG_WARN__DUPLICATE_METHOD_MATCH = YES;
				CODE_SIGN_IDENTITY = "iPhone Developer";
				COPY_PHASE_STRIP = NO;
				DEBUG_INFORMATION_FORMAT = dwarf;
				ENABLE_STRICT_OBJC_MSGSEND = YES;
				ENABLE_TESTABILITY = YES;
				GCC_C_LANGUAGE_STANDARD = gnu11;
				GCC_DYNAMIC_NO_PIC = NO;
				GCC_NO_COMMON_BLOCKS = YES;
				GCC_OPTIMIZATION_LEVEL = 0;
				GCC_PREPROCESSOR_DEFINITIONS = (
					"DEBUG=1",
					"$(inherited)",
				);
				GCC_WARN_64_TO_32_BIT_CONVERSION = YES;
				GCC_WARN_ABOUT_RETURN_TYPE = YES_ERROR;
				GCC_WARN_UNDECLARED_SELECTOR = YES;
				GCC_WARN_UNINITIALIZED_AUTOS = YES_AGGRESSIVE;
				GCC_WARN_UNUSED_FUNCTION = YES;
				GCC_WARN_UNUSED_VARIABLE = YES;
				IPHONEOS_DEPLOYMENT_TARGET = 12.1;
				MTL_ENABLE_DEBUG_INFO = INCLUDE_SOURCE;
				MTL_FAST_MATH = YES;
				ONLY_ACTIVE_ARCH = YES;
				SDKROOT = iphoneos;
				SWIFT_ACTIVE_COMPILATION_CONDITIONS = DEBUG;
				SWIFT_OPTIMIZATION_LEVEL = "-Onone";
			};
			name = Debug;
		};
		734A83A6218F32A900116AEA /* Release */ = {
			isa = XCBuildConfiguration;
			buildSettings = {
				ALWAYS_SEARCH_USER_PATHS = NO;
				CLANG_ANALYZER_NONNULL = YES;
				CLANG_ANALYZER_NUMBER_OBJECT_CONVERSION = YES_AGGRESSIVE;
				CLANG_CXX_LANGUAGE_STANDARD = "gnu++14";
				CLANG_CXX_LIBRARY = "libc++";
				CLANG_ENABLE_MODULES = YES;
				CLANG_ENABLE_OBJC_ARC = YES;
				CLANG_ENABLE_OBJC_WEAK = YES;
				CLANG_WARN_BLOCK_CAPTURE_AUTORELEASING = YES;
				CLANG_WARN_BOOL_CONVERSION = YES;
				CLANG_WARN_COMMA = YES;
				CLANG_WARN_CONSTANT_CONVERSION = YES;
				CLANG_WARN_DEPRECATED_OBJC_IMPLEMENTATIONS = YES;
				CLANG_WARN_DIRECT_OBJC_ISA_USAGE = YES_ERROR;
				CLANG_WARN_DOCUMENTATION_COMMENTS = YES;
				CLANG_WARN_EMPTY_BODY = YES;
				CLANG_WARN_ENUM_CONVERSION = YES;
				CLANG_WARN_INFINITE_RECURSION = YES;
				CLANG_WARN_INT_CONVERSION = YES;
				CLANG_WARN_NON_LITERAL_NULL_CONVERSION = YES;
				CLANG_WARN_OBJC_IMPLICIT_RETAIN_SELF = YES;
				CLANG_WARN_OBJC_LITERAL_CONVERSION = YES;
				CLANG_WARN_OBJC_ROOT_CLASS = YES_ERROR;
				CLANG_WARN_RANGE_LOOP_ANALYSIS = YES;
				CLANG_WARN_STRICT_PROTOTYPES = YES;
				CLANG_WARN_SUSPICIOUS_MOVE = YES;
				CLANG_WARN_UNGUARDED_AVAILABILITY = YES_AGGRESSIVE;
				CLANG_WARN_UNREACHABLE_CODE = YES;
				CLANG_WARN__DUPLICATE_METHOD_MATCH = YES;
				CODE_SIGN_IDENTITY = "iPhone Developer";
				COPY_PHASE_STRIP = NO;
				DEBUG_INFORMATION_FORMAT = "dwarf-with-dsym";
				ENABLE_NS_ASSERTIONS = NO;
				ENABLE_STRICT_OBJC_MSGSEND = YES;
				GCC_C_LANGUAGE_STANDARD = gnu11;
				GCC_NO_COMMON_BLOCKS = YES;
				GCC_WARN_64_TO_32_BIT_CONVERSION = YES;
				GCC_WARN_ABOUT_RETURN_TYPE = YES_ERROR;
				GCC_WARN_UNDECLARED_SELECTOR = YES;
				GCC_WARN_UNINITIALIZED_AUTOS = YES_AGGRESSIVE;
				GCC_WARN_UNUSED_FUNCTION = YES;
				GCC_WARN_UNUSED_VARIABLE = YES;
				IPHONEOS_DEPLOYMENT_TARGET = 12.1;
				MTL_ENABLE_DEBUG_INFO = NO;
				MTL_FAST_MATH = YES;
				SDKROOT = iphoneos;
				SWIFT_COMPILATION_MODE = wholemodule;
				SWIFT_OPTIMIZATION_LEVEL = "-O";
				VALIDATE_PRODUCT = YES;
			};
			name = Release;
		};
		734A83A8218F32A900116AEA /* Debug */ = {
			isa = XCBuildConfiguration;
			buildSettings = {
				ASSETCATALOG_COMPILER_APPICON_NAME = AppIcon;
				CODE_SIGN_STYLE = Automatic;
				DEVELOPMENT_TEAM = F4V6T3QS3R;
				INFOPLIST_FILE = StoryCode/Info.plist;
				LD_RUNPATH_SEARCH_PATHS = (
					"$(inherited)",
					"@executable_path/Frameworks",
				);
				PRODUCT_BUNDLE_IDENTIFIER = org.bluerope.StoryCode;
				PRODUCT_NAME = "$(TARGET_NAME)";
				SWIFT_VERSION = 4.2;
				TARGETED_DEVICE_FAMILY = "1,2";
			};
			name = Debug;
		};
		734A83A9218F32A900116AEA /* Release */ = {
			isa = XCBuildConfiguration;
			buildSettings = {
				ASSETCATALOG_COMPILER_APPICON_NAME = AppIcon;
				CODE_SIGN_STYLE = Automatic;
				DEVELOPMENT_TEAM = F4V6T3QS3R;
				INFOPLIST_FILE = StoryCode/Info.plist;
				LD_RUNPATH_SEARCH_PATHS = (
					"$(inherited)",
					"@executable_path/Frameworks",
				);
				PRODUCT_BUNDLE_IDENTIFIER = org.bluerope.StoryCode;
				PRODUCT_NAME = "$(TARGET_NAME)";
				SWIFT_VERSION = 4.2;
				TARGETED_DEVICE_FAMILY = "1,2";
			};
			name = Release;
		};
		734A83AB218F32A900116AEA /* Debug */ = {
			isa = XCBuildConfiguration;
			buildSettings = {
				ALWAYS_EMBED_SWIFT_STANDARD_LIBRARIES = YES;
				BUNDLE_LOADER = "$(TEST_HOST)";
				CODE_SIGN_STYLE = Automatic;
				DEVELOPMENT_TEAM = B9LM5Y58FM;
				INFOPLIST_FILE = StoryCodeTests/Info.plist;
				LD_RUNPATH_SEARCH_PATHS = (
					"$(inherited)",
					"@executable_path/Frameworks",
					"@loader_path/Frameworks",
				);
				PRODUCT_BUNDLE_IDENTIFIER = org.bluerope.StoryCodeTests;
				PRODUCT_NAME = "$(TARGET_NAME)";
				SWIFT_VERSION = 4.2;
				TARGETED_DEVICE_FAMILY = "1,2";
				TEST_HOST = "$(BUILT_PRODUCTS_DIR)/StoryCode.app/StoryCode";
			};
			name = Debug;
		};
		734A83AC218F32A900116AEA /* Release */ = {
			isa = XCBuildConfiguration;
			buildSettings = {
				ALWAYS_EMBED_SWIFT_STANDARD_LIBRARIES = YES;
				BUNDLE_LOADER = "$(TEST_HOST)";
				CODE_SIGN_STYLE = Automatic;
				DEVELOPMENT_TEAM = B9LM5Y58FM;
				INFOPLIST_FILE = StoryCodeTests/Info.plist;
				LD_RUNPATH_SEARCH_PATHS = (
					"$(inherited)",
					"@executable_path/Frameworks",
					"@loader_path/Frameworks",
				);
				PRODUCT_BUNDLE_IDENTIFIER = org.bluerope.StoryCodeTests;
				PRODUCT_NAME = "$(TARGET_NAME)";
				SWIFT_VERSION = 4.2;
				TARGETED_DEVICE_FAMILY = "1,2";
				TEST_HOST = "$(BUILT_PRODUCTS_DIR)/StoryCode.app/StoryCode";
			};
			name = Release;
		};
/* End XCBuildConfiguration section */

/* Begin XCConfigurationList section */
		734A8385218F32A800116AEA /* Build configuration list for PBXProject "StoryCode" */ = {
			isa = XCConfigurationList;
			buildConfigurations = (
				734A83A5218F32A900116AEA /* Debug */,
				734A83A6218F32A900116AEA /* Release */,
			);
			defaultConfigurationIsVisible = 0;
			defaultConfigurationName = Release;
		};
		734A83A7218F32A900116AEA /* Build configuration list for PBXNativeTarget "StoryCode" */ = {
			isa = XCConfigurationList;
			buildConfigurations = (
				734A83A8218F32A900116AEA /* Debug */,
				734A83A9218F32A900116AEA /* Release */,
			);
			defaultConfigurationIsVisible = 0;
			defaultConfigurationName = Release;
		};
		734A83AA218F32A900116AEA /* Build configuration list for PBXNativeTarget "StoryCodeTests" */ = {
			isa = XCConfigurationList;
			buildConfigurations = (
				734A83AB218F32A900116AEA /* Debug */,
				734A83AC218F32A900116AEA /* Release */,
			);
			defaultConfigurationIsVisible = 0;
			defaultConfigurationName = Release;
		};
/* End XCConfigurationList section */
	};
	rootObject = 734A8382218F32A800116AEA /* Project object */;
}
